
Microsoft Visual Studio Solution File, Format Version 12.00
# Visual Studio Version 17
VisualStudioVersion = 17.1.32414.318
MinimumVisualStudioVersion = 10.0.40219.1
Project("{FAE04EC0-301F-11D3-BF4B-00C04F79EFBC}") = "User Managment", "User Managment\User Managment.csproj", "{F893EAC8-CBAB-4D74-B8DA-CE2AB3A5FA2C}"
EndProject
Global
	GlobalSection(SolutionConfigurationPlatforms) = preSolution
		Debug|Any CPU = Debug|Any CPU
		Release|Any CPU = Release|Any CPU
	EndGlobalSection
	GlobalSection(ProjectConfigurationPlatforms) = postSolution
		{F893EAC8-CBAB-4D74-B8DA-CE2AB3A5FA2C}.Debug|Any CPU.ActiveCfg = Debug|Any CPU
		{F893EAC8-CBAB-4D74-B8DA-CE2AB3A5FA2C}.Debug|Any CPU.Build.0 = Debug|Any CPU
		{F893EAC8-CBAB-4D74-B8DA-CE2AB3A5FA2C}.Release|Any CPU.ActiveCfg = Release|Any CPU
		{F893EAC8-CBAB-4D74-B8DA-CE2AB3A5FA2C}.Release|Any CPU.Build.0 = Release|Any CPU
	EndGlobalSection
	GlobalSection(SolutionProperties) = preSolution
		HideSolutionNode = FALSE
	EndGlobalSection
	GlobalSection(ExtensibilityGlobals) = postSolution
		SolutionGuid = {E1E2DD80-F8A8-4449-B784-55D5ED3CB707}
	EndGlobalSection
EndGlobal
